<?xml version="1.0" encoding="utf-8"?>
<Project ToolsVersion="4.0" xmlns="http://schemas.microsoft.com/developer/msbuild/2003">
  <ItemGroup>
    <Filter Include="소스 파일">
      <UniqueIdentifier>{4FC737F1-C7A5-4376-A066-2A32D752A2FF}</UniqueIdentifier>
      <Extensions>cpp;c;cc;cxx;def;odl;idl;hpj;bat;asm;asmx</Extensions>
    </Filter>
    <Filter Include="헤더 파일">
      <UniqueIdentifier>{93995380-89BD-4b04-88EB-625FBE52EBFB}</UniqueIdentifier>
      <Extensions>h;hh;hpp;hxx;hm;inl;inc;xsd</Extensions>
    </Filter>
    <Filter Include="리소스 파일">
      <UniqueIdentifier>{67DA6AB6-F800-4c08-8B7A-83BB121AAD01}</UniqueIdentifier>
      <Extensions>rc;ico;cur;bmp;dlg;rc2;rct;bin;rgs;gif;jpg;jpeg;jpe;resx;tiff;tif;png;wav;mfcribbon-ms</Extensions>
    </Filter>
  </ItemGroup>
  <ItemGroup>
    <ClInclude Include="01_header.h">
      <Filter>헤더 파일</Filter>
    </ClInclude>
    <ClInclude Include="02_WndC.h">
      <Filter>헤더 파일</Filter>
    </ClInclude>
    <ClInclude Include="03_CoreC.h">
      <Filter>헤더 파일</Filter>
    </ClInclude>
    <ClInclude Include="05_InputC.h">
      <Filter>헤더 파일</Filter>
    </ClInclude>
    <ClInclude Include="06_BmpC.h">
      <Filter>헤더 파일</Filter>
    </ClInclude>
    <ClInclude Include="07_BmpMgrC.h">
      <Filter>헤더 파일</Filter>
    </ClInclude>
    <ClInclude Include="08_ObjC.h">
      <Filter>헤더 파일</Filter>
    </ClInclude>
    <ClInclude Include="09_1_BgObjC.h">
      <Filter>헤더 파일</Filter>
    </ClInclude>
    <ClInclude Include="09_3_UIObjC.h">
      <Filter>헤더 파일</Filter>
    </ClInclude>
    <ClInclude Include="12_1_HeroObjC.h">
      <Filter>헤더 파일</Filter>
    </ClInclude>
    <ClInclude Include="10_CollisionC.h">
      <Filter>헤더 파일</Filter>
    </ClInclude>
    <ClInclude Include="11_CollisionObjC.h">
      <Filter>헤더 파일</Filter>
    </ClInclude>
    <ClInclude Include="12_3_MapObjC.h">
      <Filter>헤더 파일</Filter>
    </ClInclude>
    <ClInclude Include="12_2_MobAC.h">
      <Filter>헤더 파일</Filter>
    </ClInclude>
    <ClInclude Include="13_1MouseObjC.h">
      <Filter>헤더 파일</Filter>
    </ClInclude>
    <ClInclude Include="14_1_StatueMOC.h">
      <Filter>헤더 파일</Filter>
    </ClInclude>
    <ClInclude Include="14_2_Rock1MOC.h">
      <Filter>헤더 파일</Filter>
    </ClInclude>
    <ClInclude Include="04_TimerC.h">
      <Filter>헤더 파일</Filter>
    </ClInclude>
    <ClInclude Include="15_1_shot1C.h">
      <Filter>헤더 파일</Filter>
    </ClInclude>
    <ClInclude Include="16_ButtonC.h">
      <Filter>헤더 파일</Filter>
    </ClInclude>
    <ClInclude Include="17_SceneC.h">
      <Filter>헤더 파일</Filter>
    </ClInclude>
    <ClInclude Include="18_1_SceneLobbyC.h">
      <Filter>헤더 파일</Filter>
    </ClInclude>
    <ClInclude Include="18_2_SceneGame.h">
      <Filter>헤더 파일</Filter>
    </ClInclude>
    <ClInclude Include="19_1_SpriteDead1C.h">
      <Filter>헤더 파일</Filter>
    </ClInclude>
  </ItemGroup>
  <ItemGroup>
    <ClCompile Include="03_CoreC.cpp">
      <Filter>소스 파일</Filter>
    </ClCompile>
    <ClCompile Include="02_WndC.cpp">
      <Filter>소스 파일</Filter>
    </ClCompile>
    <ClCompile Include="05_InputC.cpp">
      <Filter>소스 파일</Filter>
    </ClCompile>
    <ClCompile Include="04_TimerC.cpp">
      <Filter>소스 파일</Filter>
    </ClCompile>
    <ClCompile Include="06_BmpC.cpp">
      <Filter>소스 파일</Filter>
    </ClCompile>
    <ClCompile Include="07_BmpMgrC.cpp">
      <Filter>소스 파일</Filter>
    </ClCompile>
    <ClCompile Include="08_ObjC.cpp">
      <Filter>소스 파일</Filter>
    </ClCompile>
    <ClCompile Include="09_1_BgObjC.cpp">
      <Filter>소스 파일</Filter>
    </ClCompile>
    <ClCompile Include="09_3_UIObjC.cpp">
      <Filter>소스 파일</Filter>
    </ClCompile>
    <ClCompile Include="12_1_HeroObjC.cpp">
      <Filter>소스 파일</Filter>
    </ClCompile>
    <ClCompile Include="11_CollisionObjC.cpp">
      <Filter>소스 파일</Filter>
    </ClCompile>
    <ClCompile Include="10_CollisionC.cpp">
      <Filter>소스 파일</Filter>
    </ClCompile>
    <ClCompile Include="12_2_MobAC.cpp">
      <Filter>소스 파일</Filter>
    </ClCompile>
    <ClCompile Include="13_1MouseObjC.cpp">
      <Filter>소스 파일</Filter>
    </ClCompile>
    <ClCompile Include="12_3_MapObjC.cpp">
      <Filter>소스 파일</Filter>
    </ClCompile>
    <ClCompile Include="14_1_StatueMOC.cpp">
      <Filter>소스 파일</Filter>
    </ClCompile>
    <ClCompile Include="14_2_Rock1MOC.cpp">
      <Filter>소스 파일</Filter>
    </ClCompile>
    <ClCompile Include="15_1_shot1C.cpp">
      <Filter>소스 파일</Filter>
    </ClCompile>
    <ClCompile Include="16_ButtonC.cpp">
      <Filter>소스 파일</Filter>
    </ClCompile>
    <ClCompile Include="17_SceneC.cpp">
      <Filter>소스 파일</Filter>
    </ClCompile>
    <ClCompile Include="18_1_SceneLobbyC.cpp">
      <Filter>소스 파일</Filter>
    </ClCompile>
    <ClCompile Include="18_2_SceneGame.cpp">
      <Filter>소스 파일</Filter>
    </ClCompile>
    <ClCompile Include="19_1_SpriteDead1C.cpp">
      <Filter>소스 파일</Filter>
    </ClCompile>
  </ItemGroup>
</Project>